// !$*UTF8*$!
{
	archiveVersion = 1;
	classes = {
	};
	objectVersion = 46;
	objects = {

/* Begin PBXBuildFile section */
		D12435E81E60F21A00F7811C /* main.cpp in Sources */ = {isa = PBXBuildFile; fileRef = D12435E71E60F21A00F7811C /* main.cpp */; };
		D12435F01E60F31500F7811C /* tools.cpp in Sources */ = {isa = PBXBuildFile; fileRef = D12435EE1E60F31500F7811C /* tools.cpp */; };
		D170C5F91E6CF83F008AD6CD /* Instructions.cpp in Sources */ = {isa = PBXBuildFile; fileRef = D170C5F71E6CF83F008AD6CD /* Instructions.cpp */; };
		D17865C21E7A3B240037CEA3 /* Parser.cpp in Sources */ = {isa = PBXBuildFile; fileRef = D17865C01E7A3B240037CEA3 /* Parser.cpp */; };
/* End PBXBuildFile section */

/* Begin PBXCopyFilesBuildPhase section */
		D12435E21E60F21A00F7811C /* CopyFiles */ = {
			isa = PBXCopyFilesBuildPhase;
			buildActionMask = 2147483647;
			dstPath = /usr/share/man/man1/;
			dstSubfolderSpec = 0;
			files = (
			);
			runOnlyForDeploymentPostprocessing = 1;
		};
/* End PBXCopyFilesBuildPhase section */

/* Begin PBXFileReference section */
		D12435E41E60F21A00F7811C /* Project1 */ = {isa = PBXFileReference; explicitFileType = "compiled.mach-o.executable"; includeInIndex = 0; path = Project1; sourceTree = BUILT_PRODUCTS_DIR; };
		D12435E71E60F21A00F7811C /* main.cpp */ = {isa = PBXFileReference; lastKnownFileType = sourcecode.cpp.cpp; path = main.cpp; sourceTree = "<group>"; };
		D12435EE1E60F31500F7811C /* tools.cpp */ = {isa = PBXFileReference; fileEncoding = 4; lastKnownFileType = sourcecode.cpp.cpp; path = tools.cpp; sourceTree = "<group>"; };
		D12435EF1E60F31500F7811C /* tools.hpp */ = {isa = PBXFileReference; fileEncoding = 4; lastKnownFileType = sourcecode.cpp.h; path = tools.hpp; sourceTree = "<group>"; };
		D12435F11E60FB8C00F7811C /* text.txt */ = {isa = PBXFileReference; fileEncoding = 4; lastKnownFileType = text; path = text.txt; sourceTree = "<group>"; };
		D170C5F51E6A572E008AD6CD /* output.txt */ = {isa = PBXFileReference; fileEncoding = 4; lastKnownFileType = text; path = output.txt; sourceTree = "<group>"; };
		D170C5F61E6CF77A008AD6CD /* instr.txt */ = {isa = PBXFileReference; fileEncoding = 4; lastKnownFileType = text; path = instr.txt; sourceTree = "<group>"; };
		D170C5F71E6CF83F008AD6CD /* Instructions.cpp */ = {isa = PBXFileReference; fileEncoding = 4; lastKnownFileType = sourcecode.cpp.cpp; path = Instructions.cpp; sourceTree = "<group>"; };
		D170C5F81E6CF83F008AD6CD /* Instructions.hpp */ = {isa = PBXFileReference; fileEncoding = 4; lastKnownFileType = sourcecode.cpp.h; path = Instructions.hpp; sourceTree = "<group>"; };
		D17865C01E7A3B240037CEA3 /* Parser.cpp */ = {isa = PBXFileReference; fileEncoding = 4; lastKnownFileType = sourcecode.cpp.cpp; path = Parser.cpp; sourceTree = "<group>"; };
		D17865C11E7A3B240037CEA3 /* Parser.hpp */ = {isa = PBXFileReference; fileEncoding = 4; lastKnownFileType = sourcecode.cpp.h; path = Parser.hpp; sourceTree = "<group>"; };
/* End PBXFileReference section */

/* Begin PBXFrameworksBuildPhase section */
		D12435E11E60F21A00F7811C /* Frameworks */ = {
			isa = PBXFrameworksBuildPhase;
			buildActionMask = 2147483647;
			files = (
			);
			runOnlyForDeploymentPostprocessing = 0;
		};
/* End PBXFrameworksBuildPhase section */

/* Begin PBXGroup section */
		D12435DB1E60F21A00F7811C = {
			isa = PBXGroup;
			children = (
				D12435E61E60F21A00F7811C /* Project1 */,
				D12435E51E60F21A00F7811C /* Products */,
			);
			sourceTree = "<group>";
		};
		D12435E51E60F21A00F7811C /* Products */ = {
			isa = PBXGroup;
			children = (
				D12435E41E60F21A00F7811C /* Project1 */,
			);
			name = Products;
			sourceTree = "<group>";
		};
		D12435E61E60F21A00F7811C /* Project1 */ = {
			isa = PBXGroup;
			children = (
				D170C5F51E6A572E008AD6CD /* output.txt */,
				D12435F11E60FB8C00F7811C /* text.txt */,
				D12435EE1E60F31500F7811C /* tools.cpp */,
				D12435EF1E60F31500F7811C /* tools.hpp */,
				D12435E71E60F21A00F7811C /* main.cpp */,
				D170C5F71E6CF83F008AD6CD /* Instructions.cpp */,
				D170C5F81E6CF83F008AD6CD /* Instructions.hpp */,
				D170C5F61E6CF77A008AD6CD /* instr.txt */,
				D17865C01E7A3B240037CEA3 /* Parser.cpp */,
				D17865C11E7A3B240037CEA3 /* Parser.hpp */,
			);
			path = Project1;
			sourceTree = "<group>";
		};
/* End PBXGroup section */

/* Begin PBXNativeTarget section */
		D12435E31E60F21A00F7811C /* Project1 */ = {
			isa = PBXNativeTarget;
			buildConfigurationList = D12435EB1E60F21A00F7811C /* Build configuration list for PBXNativeTarget "Project1" */;
			buildPhases = (
				D12435E01E60F21A00F7811C /* Sources */,
				D12435E11E60F21A00F7811C /* Frameworks */,
				D12435E21E60F21A00F7811C /* CopyFiles */,
			);
			buildRules = (
			);
			dependencies = (
			);
			name = Project1;
			productName = Project1;
			productReference = D12435E41E60F21A00F7811C /* Project1 */;
			productType = "com.apple.product-type.tool";
		};
/* End PBXNativeTarget section */

/* Begin PBXProject section */
		D12435DC1E60F21A00F7811C /* Project object */ = {
			isa = PBXProject;
			attributes = {
				LastUpgradeCheck = 0820;
				ORGANIZATIONNAME = "William Lin";
				TargetAttributes = {
					D12435E31E60F21A00F7811C = {
						CreatedOnToolsVersion = 8.2.1;
						ProvisioningStyle = Automatic;
					};
				};
			};
			buildConfigurationList = D12435DF1E60F21A00F7811C /* Build configuration list for PBXProject "Project1" */;
			compatibilityVersion = "Xcode 3.2";
			developmentRegion = English;
			hasScannedForEncodings = 0;
			knownRegions = (
				en,
			);
			mainGroup = D12435DB1E60F21A00F7811C;
			productRefGroup = D12435E51E60F21A00F7811C /* Products */;
			projectDirPath = "";
			projectRoot = "";
			targets = (
				D12435E31E60F21A00F7811C /* Project1 */,
			);
		};
/* End PBXProject section */

/* Begin PBXSourcesBuildPhase section */
		D12435E01E60F21A00F7811C /* Sources */ = {
			isa = PBXSourcesBuildPhase;
			buildActionMask = 2147483647;
			files = (
				D17865C21E7A3B240037CEA3 /* Parser.cpp in Sources */,
				D170C5F91E6CF83F008AD6CD /* Instructions.cpp in Sources */,
				D12435E81E60F21A00F7811C /* main.cpp in Sources */,
				D12435F01E60F31500F7811C /* tools.cpp in Sources */,
			);
			runOnlyForDeploymentPostprocessing = 0;
		};
/* End PBXSourcesBuildPhase section */

/* Begin XCBuildConfiguration section */
		D12435E91E60F21A00F7811C /* Debug */ = {
			isa = XCBuildConfiguration;
			buildSettings = {
				ALWAYS_SEARCH_USER_PATHS = NO;
				CLANG_ANALYZER_NONNULL = YES;
				CLANG_CXX_LANGUAGE_STANDARD = "gnu++0x";
				CLANG_CXX_LIBRARY = "libc++";
				CLANG_ENABLE_MODULES = YES;
				CLANG_ENABLE_OBJC_ARC = YES;
				CLANG_WARN_BOOL_CONVERSION = YES;
				CLANG_WARN_CONSTANT_CONVERSION = YES;
				CLANG_WARN_DIRECT_OBJC_ISA_USAGE = YES_ERROR;
				CLANG_WARN_DOCUMENTATION_COMMENTS = YES;
				CLANG_WARN_EMPTY_BODY = YES;
				CLANG_WARN_ENUM_CONVERSION = YES;
				CLANG_WARN_INFINITE_RECURSION = YES;
				CLANG_WARN_INT_CONVERSION = YES;
				CLANG_WARN_OBJC_ROOT_CLASS = YES_ERROR;
				CLANG_WARN_SUSPICIOUS_MOVE = YES;
				CLANG_WARN_UNREACHABLE_CODE = YES;
				CLANG_WARN__DUPLICATE_METHOD_MATCH = YES;
				CODE_SIGN_IDENTITY = "-";
				COPY_PHASE_STRIP = NO;
				DEBUG_INFORMATION_FORMAT = dwarf;
				ENABLE_STRICT_OBJC_MSGSEND = YES;
				ENABLE_TESTABILITY = YES;
				GCC_C_LANGUAGE_STANDARD = gnu99;
				GCC_DYNAMIC_NO_PIC = NO;
				GCC_NO_COMMON_BLOCKS = YES;
				GCC_OPTIMIZATION_LEVEL = 0;
				GCC_PREPROCESSOR_DEFINITIONS = (
					"DEBUG=1",
					"$(inherited)",
				);
				GCC_WARN_64_TO_32_BIT_CONVERSION = YES;
				GCC_WARN_ABOUT_RETURN_TYPE = YES_ERROR;
				GCC_WARN_UNDECLARED_SELECTOR = YES;
				GCC_WARN_UNINITIALIZED_AUTOS = YES_AGGRESSIVE;
				GCC_WARN_UNUSED_FUNCTION = YES;
				GCC_WARN_UNUSED_VARIABLE = YES;
				MACOSX_DEPLOYMENT_TARGET = 10.12;
				MTL_ENABLE_DEBUG_INFO = YES;
				ONLY_ACTIVE_ARCH = YES;
				SDKROOT = macosx;
			};
			name = Debug;
		};
		D12435EA1E60F21A00F7811C /* Release */ = {
			isa = XCBuildConfiguration;
			buildSettings = {
				ALWAYS_SEARCH_USER_PATHS = NO;
				CLANG_ANALYZER_NONNULL = YES;
				CLANG_CXX_LANGUAGE_STANDARD = "gnu++0x";
				CLANG_CXX_LIBRARY = "libc++";
				CLANG_ENABLE_MODULES = YES;
				CLANG_ENABLE_OBJC_ARC = YES;
				CLANG_WARN_BOOL_CONVERSION = YES;
				CLANG_WARN_CONSTANT_CONVERSION = YES;
				CLANG_WARN_DIRECT_OBJC_ISA_USAGE = YES_ERROR;
				CLANG_WARN_DOCUMENTATION_COMMENTS = YES;
				CLANG_WARN_EMPTY_BODY = YES;
				CLANG_WARN_ENUM_CONVERSION = YES;
				CLANG_WARN_INFINITE_RECURSION = YES;
				CLANG_WARN_INT_CONVERSION = YES;
				CLANG_WARN_OBJC_ROOT_CLASS = YES_ERROR;
				CLANG_WARN_SUSPICIOUS_MOVE = YES;
				CLANG_WARN_UNREACHABLE_CODE = YES;
				CLANG_WARN__DUPLICATE_METHOD_MATCH = YES;
				CODE_SIGN_IDENTITY = "-";
				COPY_PHASE_STRIP = NO;
				DEBUG_INFORMATION_FORMAT = "dwarf-with-dsym";
				ENABLE_NS_ASSERTIONS = NO;
				ENABLE_STRICT_OBJC_MSGSEND = YES;
				GCC_C_LANGUAGE_STANDARD = gnu99;
				GCC_NO_COMMON_BLOCKS = YES;
				GCC_WARN_64_TO_32_BIT_CONVERSION = YES;
				GCC_WARN_ABOUT_RETURN_TYPE = YES_ERROR;
				GCC_WARN_UNDECLARED_SELECTOR = YES;
				GCC_WARN_UNINITIALIZED_AUTOS = YES_AGGRESSIVE;
				GCC_WARN_UNUSED_FUNCTION = YES;
				GCC_WARN_UNUSED_VARIABLE = YES;
				MACOSX_DEPLOYMENT_TARGET = 10.12;
				MTL_ENABLE_DEBUG_INFO = NO;
				SDKROOT = macosx;
			};
			name = Release;
		};
		D12435EC1E60F21A00F7811C /* Debug */ = {
			isa = XCBuildConfiguration;
			buildSettings = {
				PRODUCT_NAME = "$(TARGET_NAME)";
			};
			name = Debug;
		};
		D12435ED1E60F21A00F7811C /* Release */ = {
			isa = XCBuildConfiguration;
			buildSettings = {
				PRODUCT_NAME = "$(TARGET_NAME)";
			};
			name = Release;
		};
/* End XCBuildConfiguration section */

/* Begin XCConfigurationList section */
		D12435DF1E60F21A00F7811C /* Build configuration list for PBXProject "Project1" */ = {
			isa = XCConfigurationList;
			buildConfigurations = (
				D12435E91E60F21A00F7811C /* Debug */,
				D12435EA1E60F21A00F7811C /* Release */,
			);
			defaultConfigurationIsVisible = 0;
			defaultConfigurationName = Release;
		};
		D12435EB1E60F21A00F7811C /* Build configuration list for PBXNativeTarget "Project1" */ = {
			isa = XCConfigurationList;
			buildConfigurations = (
				D12435EC1E60F21A00F7811C /* Debug */,
				D12435ED1E60F21A00F7811C /* Release */,
			);
			defaultConfigurationIsVisible = 0;
			defaultConfigurationName = Release;
		};
/* End XCConfigurationList section */
	};
	rootObject = D12435DC1E60F21A00F7811C /* Project object */;
}
